
Microsoft Visual Studio Solution File, Format Version 12.00
# Visual Studio Version 17
VisualStudioVersion = 17.8.34309.116
MinimumVisualStudioVersion = 10.0.40219.1
Project("{9A19103F-16F7-4668-BE54-9A1E7A4F7556}") = "InmoSolution", "InmoSolution\InmoSolution.csproj", "{C1730BA4-F239-4BD2-96EA-EC490D36CCA0}"
EndProject
Project("{FAE04EC0-301F-11D3-BF4B-00C04F79EFBC}") = "Inicio_Y_Portal", "..\..\PracticaInterfaces\Inicio_Y_Portal\Inicio_Y_Portal.csproj", "{2597FA77-6453-4237-B1F3-90A117E88BDC}"
EndProject
Global
	GlobalSection(SolutionConfigurationPlatforms) = preSolution
		Debug|Any CPU = Debug|Any CPU
		Release|Any CPU = Release|Any CPU
	EndGlobalSection
	GlobalSection(ProjectConfigurationPlatforms) = postSolution
		{C1730BA4-F239-4BD2-96EA-EC490D36CCA0}.Debug|Any CPU.ActiveCfg = Debug|Any CPU
		{C1730BA4-F239-4BD2-96EA-EC490D36CCA0}.Debug|Any CPU.Build.0 = Debug|Any CPU
		{C1730BA4-F239-4BD2-96EA-EC490D36CCA0}.Release|Any CPU.ActiveCfg = Release|Any CPU
		{C1730BA4-F239-4BD2-96EA-EC490D36CCA0}.Release|Any CPU.Build.0 = Release|Any CPU
		{2597FA77-6453-4237-B1F3-90A117E88BDC}.Debug|Any CPU.ActiveCfg = Debug|Any CPU
		{2597FA77-6453-4237-B1F3-90A117E88BDC}.Debug|Any CPU.Build.0 = Debug|Any CPU
		{2597FA77-6453-4237-B1F3-90A117E88BDC}.Release|Any CPU.ActiveCfg = Release|Any CPU
		{2597FA77-6453-4237-B1F3-90A117E88BDC}.Release|Any CPU.Build.0 = Release|Any CPU
	EndGlobalSection
	GlobalSection(SolutionProperties) = preSolution
		HideSolutionNode = FALSE
	EndGlobalSection
	GlobalSection(ExtensibilityGlobals) = postSolution
		SolutionGuid = {08BBCC19-6F36-45D7-8DDC-7AE066BBF027}
	EndGlobalSection
EndGlobal
